
Microsoft Visual Studio Solution File, Format Version 12.00
# Visual Studio 15
VisualStudioVersion = 15.0.28307.852
MinimumVisualStudioVersion = 10.0.40219.1
Project("{8BC9CEB8-8B4A-11D0-8D11-00A0C91BC942}") = "stack", "stack\stack.vcxproj", "{66A3E541-4C70-4042-A074-0C0547FD36E8}"
EndProject
Global
	GlobalSection(SolutionConfigurationPlatforms) = preSolution
		Debug|x64 = Debug|x64
		Debug|x86 = Debug|x86
		Release|x64 = Release|x64
		Release|x86 = Release|x86
	EndGlobalSection
	GlobalSection(ProjectConfigurationPlatforms) = postSolution
		{66A3E541-4C70-4042-A074-0C0547FD36E8}.Debug|x64.ActiveCfg = Debug|x64
		{66A3E541-4C70-4042-A074-0C0547FD36E8}.Debug|x64.Build.0 = Debug|x64
		{66A3E541-4C70-4042-A074-0C0547FD36E8}.Debug|x86.ActiveCfg = Debug|Win32
		{66A3E541-4C70-4042-A074-0C0547FD36E8}.Debug|x86.Build.0 = Debug|Win32
		{66A3E541-4C70-4042-A074-0C0547FD36E8}.Release|x64.ActiveCfg = Release|x64
		{66A3E541-4C70-4042-A074-0C0547FD36E8}.Release|x64.Build.0 = Release|x64
		{66A3E541-4C70-4042-A074-0C0547FD36E8}.Release|x86.ActiveCfg = Release|Win32
		{66A3E541-4C70-4042-A074-0C0547FD36E8}.Release|x86.Build.0 = Release|Win32
	EndGlobalSection
	GlobalSection(SolutionProperties) = preSolution
		HideSolutionNode = FALSE
	EndGlobalSection
	GlobalSection(ExtensibilityGlobals) = postSolution
		SolutionGuid = {1B70871B-B269-4CF8-BCD4-BCE43BD7C0C6}
	EndGlobalSection
EndGlobal
